
Microsoft Visual Studio Solution File, Format Version 12.00
# Visual Studio Version 17
VisualStudioVersion = 17.8.34525.116
MinimumVisualStudioVersion = 10.0.40219.1
Project("{9A19103F-16F7-4668-BE54-9A1E7A4F7556}") = "HeS.Admin.Api", "HeS.Admin.Api\HeS.Admin.Api.csproj", "{6C0D4E45-48CA-42E0-A79D-5B7337B4C14E}"
EndProject
Global
	GlobalSection(SolutionConfigurationPlatforms) = preSolution
		Debug|Any CPU = Debug|Any CPU
		Release|Any CPU = Release|Any CPU
	EndGlobalSection
	GlobalSection(ProjectConfigurationPlatforms) = postSolution
		{6C0D4E45-48CA-42E0-A79D-5B7337B4C14E}.Debug|Any CPU.ActiveCfg = Debug|Any CPU
		{6C0D4E45-48CA-42E0-A79D-5B7337B4C14E}.Debug|Any CPU.Build.0 = Debug|Any CPU
		{6C0D4E45-48CA-42E0-A79D-5B7337B4C14E}.Release|Any CPU.ActiveCfg = Release|Any CPU
		{6C0D4E45-48CA-42E0-A79D-5B7337B4C14E}.Release|Any CPU.Build.0 = Release|Any CPU
	EndGlobalSection
	GlobalSection(SolutionProperties) = preSolution
		HideSolutionNode = FALSE
	EndGlobalSection
	GlobalSection(ExtensibilityGlobals) = postSolution
		SolutionGuid = {5F44B3CE-0FFA-4EA9-AE94-D48AC1BF4E02}
	EndGlobalSection
EndGlobal
